
Microsoft Visual Studio Solution File, Format Version 12.00
# Visual Studio Version 17
VisualStudioVersion = 17.10.34928.147
MinimumVisualStudioVersion = 10.0.40219.1
Project("{9A19103F-16F7-4668-BE54-9A1E7A4F7556}") = "BulkyWeb", "BulkyWeb\BulkyWeb.csproj", "{B0FCE54B-8770-489D-847C-B7A8D715BC69}"
EndProject
Global
	GlobalSection(SolutionConfigurationPlatforms) = preSolution
		Debug|Any CPU = Debug|Any CPU
		Release|Any CPU = Release|Any CPU
	EndGlobalSection
	GlobalSection(ProjectConfigurationPlatforms) = postSolution
		{B0FCE54B-8770-489D-847C-B7A8D715BC69}.Debug|Any CPU.ActiveCfg = Debug|Any CPU
		{B0FCE54B-8770-489D-847C-B7A8D715BC69}.Debug|Any CPU.Build.0 = Debug|Any CPU
		{B0FCE54B-8770-489D-847C-B7A8D715BC69}.Release|Any CPU.ActiveCfg = Release|Any CPU
		{B0FCE54B-8770-489D-847C-B7A8D715BC69}.Release|Any CPU.Build.0 = Release|Any CPU
	EndGlobalSection
	GlobalSection(SolutionProperties) = preSolution
		HideSolutionNode = FALSE
	EndGlobalSection
	GlobalSection(ExtensibilityGlobals) = postSolution
		SolutionGuid = {2F32544F-1401-4C68-8EC8-124AED36A8B0}
	EndGlobalSection
EndGlobal
